
Microsoft Visual Studio Solution File, Format Version 12.00
# Visual Studio 15
VisualStudioVersion = 15.0.28010.2050
MinimumVisualStudioVersion = 10.0.40219.1
Project("{FAE04EC0-301F-11D3-BF4B-00C04F79EFBC}") = "TriviaClassPrac", "TriviaClassPrac\TriviaClassPrac.csproj", "{11938FE4-C431-4E78-8A79-6A8E989B3D60}"
EndProject
Project("{FAE04EC0-301F-11D3-BF4B-00C04F79EFBC}") = "UnitTestProjectTrivia", "UnitTestProjectTrivia\UnitTestProjectTrivia.csproj", "{E276CCFC-70CC-4A6F-81E2-DB6256D49588}"
EndProject
Global
	GlobalSection(SolutionConfigurationPlatforms) = preSolution
		Debug|Any CPU = Debug|Any CPU
		Release|Any CPU = Release|Any CPU
	EndGlobalSection
	GlobalSection(ProjectConfigurationPlatforms) = postSolution
		{11938FE4-C431-4E78-8A79-6A8E989B3D60}.Debug|Any CPU.ActiveCfg = Debug|Any CPU
		{11938FE4-C431-4E78-8A79-6A8E989B3D60}.Debug|Any CPU.Build.0 = Debug|Any CPU
		{11938FE4-C431-4E78-8A79-6A8E989B3D60}.Release|Any CPU.ActiveCfg = Release|Any CPU
		{11938FE4-C431-4E78-8A79-6A8E989B3D60}.Release|Any CPU.Build.0 = Release|Any CPU
		{E276CCFC-70CC-4A6F-81E2-DB6256D49588}.Debug|Any CPU.ActiveCfg = Debug|Any CPU
		{E276CCFC-70CC-4A6F-81E2-DB6256D49588}.Debug|Any CPU.Build.0 = Debug|Any CPU
		{E276CCFC-70CC-4A6F-81E2-DB6256D49588}.Release|Any CPU.ActiveCfg = Release|Any CPU
		{E276CCFC-70CC-4A6F-81E2-DB6256D49588}.Release|Any CPU.Build.0 = Release|Any CPU
	EndGlobalSection
	GlobalSection(SolutionProperties) = preSolution
		HideSolutionNode = FALSE
	EndGlobalSection
	GlobalSection(ExtensibilityGlobals) = postSolution
		SolutionGuid = {B36636FF-8D49-46B2-A8B3-A796825E98A9}
	EndGlobalSection
EndGlobal
